
Microsoft Visual Studio Solution File, Format Version 12.00
# Visual Studio Version 17
VisualStudioVersion = 17.4.33403.182
MinimumVisualStudioVersion = 10.0.40219.1
Project("{FAE04EC0-301F-11D3-BF4B-00C04F79EFBC}") = "SellPhone", "SellPhone\SellPhone.csproj", "{6781D8E8-93CA-479B-90EF-09C0D232B02D}"
EndProject
Global
	GlobalSection(SolutionConfigurationPlatforms) = preSolution
		Debug|Any CPU = Debug|Any CPU
		Release|Any CPU = Release|Any CPU
	EndGlobalSection
	GlobalSection(ProjectConfigurationPlatforms) = postSolution
		{6781D8E8-93CA-479B-90EF-09C0D232B02D}.Debug|Any CPU.ActiveCfg = Debug|Any CPU
		{6781D8E8-93CA-479B-90EF-09C0D232B02D}.Debug|Any CPU.Build.0 = Debug|Any CPU
		{6781D8E8-93CA-479B-90EF-09C0D232B02D}.Release|Any CPU.ActiveCfg = Release|Any CPU
		{6781D8E8-93CA-479B-90EF-09C0D232B02D}.Release|Any CPU.Build.0 = Release|Any CPU
	EndGlobalSection
	GlobalSection(SolutionProperties) = preSolution
		HideSolutionNode = FALSE
	EndGlobalSection
	GlobalSection(ExtensibilityGlobals) = postSolution
		SolutionGuid = {1C32E74B-A06E-4929-A727-C15BAC004119}
	EndGlobalSection
EndGlobal
